# This file is automatically @generated by Cargo.
# It is not intended for manual editing.
version = 4

[[package]]
name = "semulith-cli"
version = "0.1.0"
dependencies = [
 "semulith-core",
 "semulith-verify",
]

[[package]]
name = "semulith-core"
version = "0.1.0"

[[package]]
name = "semulith-dsp56300"
version = "0.1.0"

[[package]]
name = "semulith-verify"
version = "0.1.0"
dependencies = [
 "semulith-core",
]
